// !$*UTF8*$!
{
	archiveVersion = 1;
	classes = {
	};
	objectVersion = 46;
	objects = {

/* Begin PBXBuildFile section */
		5CE7734C1C1A633B00703AFF /* AppDelegate.swift in Sources */ = {isa = PBXBuildFile; fileRef = 5CE7734B1C1A633B00703AFF /* AppDelegate.swift */; };
		5CE7734E1C1A633B00703AFF /* ViewController.swift in Sources */ = {isa = PBXBuildFile; fileRef = 5CE7734D1C1A633B00703AFF /* ViewController.swift */; };
		5CE773511C1A633B00703AFF /* Main.storyboard in Resources */ = {isa = PBXBuildFile; fileRef = 5CE7734F1C1A633B00703AFF /* Main.storyboard */; };
		5CE773531C1A633B00703AFF /* Assets.xcassets in Resources */ = {isa = PBXBuildFile; fileRef = 5CE773521C1A633B00703AFF /* Assets.xcassets */; };
		5CE773561C1A633B00703AFF /* LaunchScreen.storyboard in Resources */ = {isa = PBXBuildFile; fileRef = 5CE773541C1A633B00703AFF /* LaunchScreen.storyboard */; };
		5CE773611C1A633B00703AFF /* EmitterParticleTests.swift in Sources */ = {isa = PBXBuildFile; fileRef = 5CE773601C1A633B00703AFF /* EmitterParticleTests.swift */; };
		5CE7736C1C1A633B00703AFF /* EmitterParticleUITests.swift in Sources */ = {isa = PBXBuildFile; fileRef = 5CE7736B1C1A633B00703AFF /* EmitterParticleUITests.swift */; };
/* End PBXBuildFile section */

/* Begin PBXContainerItemProxy section */
		5CE7735D1C1A633B00703AFF /* PBXContainerItemProxy */ = {
			isa = PBXContainerItemProxy;
			containerPortal = 5CE773401C1A633B00703AFF /* Project object */;
			proxyType = 1;
			remoteGlobalIDString = 5CE773471C1A633B00703AFF;
			remoteInfo = EmitterParticle;
		};
		5CE773681C1A633B00703AFF /* PBXContainerItemProxy */ = {
			isa = PBXContainerItemProxy;
			containerPortal = 5CE773401C1A633B00703AFF /* Project object */;
			proxyType = 1;
			remoteGlobalIDString = 5CE773471C1A633B00703AFF;
			remoteInfo = EmitterParticle;
		};
/* End PBXContainerItemProxy section */

/* Begin PBXFileReference section */
		5CE773481C1A633B00703AFF /* EmitterParticle.app */ = {isa = PBXFileReference; explicitFileType = wrapper.application; includeInIndex = 0; path = EmitterParticle.app; sourceTree = BUILT_PRODUCTS_DIR; };
		5CE7734B1C1A633B00703AFF /* AppDelegate.swift */ = {isa = PBXFileReference; lastKnownFileType = sourcecode.swift; path = AppDelegate.swift; sourceTree = "<group>"; };
		5CE7734D1C1A633B00703AFF /* ViewController.swift */ = {isa = PBXFileReference; lastKnownFileType = sourcecode.swift; path = ViewController.swift; sourceTree = "<group>"; };
		5CE773501C1A633B00703AFF /* Base */ = {isa = PBXFileReference; lastKnownFileType = file.storyboard; name = Base; path = Base.lproj/Main.storyboard; sourceTree = "<group>"; };
		5CE773521C1A633B00703AFF /* Assets.xcassets */ = {isa = PBXFileReference; lastKnownFileType = folder.assetcatalog; path = Assets.xcassets; sourceTree = "<group>"; };
		5CE773551C1A633B00703AFF /* Base */ = {isa = PBXFileReference; lastKnownFileType = file.storyboard; name = Base; path = Base.lproj/LaunchScreen.storyboard; sourceTree = "<group>"; };
		5CE773571C1A633B00703AFF /* Info.plist */ = {isa = PBXFileReference; lastKnownFileType = text.plist.xml; path = Info.plist; sourceTree = "<group>"; };
		5CE7735C1C1A633B00703AFF /* EmitterParticleTests.xctest */ = {isa = PBXFileReference; explicitFileType = wrapper.cfbundle; includeInIndex = 0; path = EmitterParticleTests.xctest; sourceTree = BUILT_PRODUCTS_DIR; };
		5CE773601C1A633B00703AFF /* EmitterParticleTests.swift */ = {isa = PBXFileReference; lastKnownFileType = sourcecode.swift; path = EmitterParticleTests.swift; sourceTree = "<group>"; };
		5CE773621C1A633B00703AFF /* Info.plist */ = {isa = PBXFileReference; lastKnownFileType = text.plist.xml; path = Info.plist; sourceTree = "<group>"; };
		5CE773671C1A633B00703AFF /* EmitterParticleUITests.xctest */ = {isa = PBXFileReference; explicitFileType = wrapper.cfbundle; includeInIndex = 0; path = EmitterParticleUITests.xctest; sourceTree = BUILT_PRODUCTS_DIR; };
		5CE7736B1C1A633B00703AFF /* EmitterParticleUITests.swift */ = {isa = PBXFileReference; lastKnownFileType = sourcecode.swift; path = EmitterParticleUITests.swift; sourceTree = "<group>"; };
		5CE7736D1C1A633B00703AFF /* Info.plist */ = {isa = PBXFileReference; lastKnownFileType = text.plist.xml; path = Info.plist; sourceTree = "<group>"; };
/* End PBXFileReference section */

/* Begin PBXFrameworksBuildPhase section */
		5CE773451C1A633B00703AFF /* Frameworks */ = {
			isa = PBXFrameworksBuildPhase;
			buildActionMask = 2147483647;
			files = (
			);
			runOnlyForDeploymentPostprocessing = 0;
		};
		5CE773591C1A633B00703AFF /* Frameworks */ = {
			isa = PBXFrameworksBuildPhase;
			buildActionMask = 2147483647;
			files = (
			);
			runOnlyForDeploymentPostprocessing = 0;
		};
		5CE773641C1A633B00703AFF /* Frameworks */ = {
			isa = PBXFrameworksBuildPhase;
			buildActionMask = 2147483647;
			files = (
			);
			runOnlyForDeploymentPostprocessing = 0;
		};
/* End PBXFrameworksBuildPhase section */

/* Begin PBXGroup section */
		5CE7733F1C1A633B00703AFF = {
			isa = PBXGroup;
			children = (
				5CE7734A1C1A633B00703AFF /* EmitterParticle */,
				5CE7735F1C1A633B00703AFF /* EmitterParticleTests */,
				5CE7736A1C1A633B00703AFF /* EmitterParticleUITests */,
				5CE773491C1A633B00703AFF /* Products */,
			);
			sourceTree = "<group>";
		};
		5CE773491C1A633B00703AFF /* Products */ = {
			isa = PBXGroup;
			children = (
				5CE773481C1A633B00703AFF /* EmitterParticle.app */,
				5CE7735C1C1A633B00703AFF /* EmitterParticleTests.xctest */,
				5CE773671C1A633B00703AFF /* EmitterParticleUITests.xctest */,
			);
			name = Products;
			sourceTree = "<group>";
		};
		5CE7734A1C1A633B00703AFF /* EmitterParticle */ = {
			isa = PBXGroup;
			children = (
				5CE7734B1C1A633B00703AFF /* AppDelegate.swift */,
				5CE7734D1C1A633B00703AFF /* ViewController.swift */,
				5CE7734F1C1A633B00703AFF /* Main.storyboard */,
				5CE773521C1A633B00703AFF /* Assets.xcassets */,
				5CE773541C1A633B00703AFF /* LaunchScreen.storyboard */,
				5CE773571C1A633B00703AFF /* Info.plist */,
			);
			path = EmitterParticle;
			sourceTree = "<group>";
		};
		5CE7735F1C1A633B00703AFF /* EmitterParticleTests */ = {
			isa = PBXGroup;
			children = (
				5CE773601C1A633B00703AFF /* EmitterParticleTests.swift */,
				5CE773621C1A633B00703AFF /* Info.plist */,
			);
			path = EmitterParticleTests;
			sourceTree = "<group>";
		};
		5CE7736A1C1A633B00703AFF /* EmitterParticleUITests */ = {
			isa = PBXGroup;
			children = (
				5CE7736B1C1A633B00703AFF /* EmitterParticleUITests.swift */,
				5CE7736D1C1A633B00703AFF /* Info.plist */,
			);
			path = EmitterParticleUITests;
			sourceTree = "<group>";
		};
/* End PBXGroup section */

/* Begin PBXNativeTarget section */
		5CE773471C1A633B00703AFF /* EmitterParticle */ = {
			isa = PBXNativeTarget;
			buildConfigurationList = 5CE773701C1A633B00703AFF /* Build configuration list for PBXNativeTarget "EmitterParticle" */;
			buildPhases = (
				5CE773441C1A633B00703AFF /* Sources */,
				5CE773451C1A633B00703AFF /* Frameworks */,
				5CE773461C1A633B00703AFF /* Resources */,
			);
			buildRules = (
			);
			dependencies = (
			);
			name = EmitterParticle;
			productName = EmitterParticle;
			productReference = 5CE773481C1A633B00703AFF /* EmitterParticle.app */;
			productType = "com.apple.product-type.application";
		};
		5CE7735B1C1A633B00703AFF /* EmitterParticleTests */ = {
			isa = PBXNativeTarget;
			buildConfigurationList = 5CE773731C1A633B00703AFF /* Build configuration list for PBXNativeTarget "EmitterParticleTests" */;
			buildPhases = (
				5CE773581C1A633B00703AFF /* Sources */,
				5CE773591C1A633B00703AFF /* Frameworks */,
				5CE7735A1C1A633B00703AFF /* Resources */,
			);
			buildRules = (
			);
			dependencies = (
				5CE7735E1C1A633B00703AFF /* PBXTargetDependency */,
			);
			name = EmitterParticleTests;
			productName = EmitterParticleTests;
			productReference = 5CE7735C1C1A633B00703AFF /* EmitterParticleTests.xctest */;
			productType = "com.apple.product-type.bundle.unit-test";
		};
		5CE773661C1A633B00703AFF /* EmitterParticleUITests */ = {
			isa = PBXNativeTarget;
			buildConfigurationList = 5CE773761C1A633B00703AFF /* Build configuration list for PBXNativeTarget "EmitterParticleUITests" */;
			buildPhases = (
				5CE773631C1A633B00703AFF /* Sources */,
				5CE773641C1A633B00703AFF /* Frameworks */,
				5CE773651C1A633B00703AFF /* Resources */,
			);
			buildRules = (
			);
			dependencies = (
				5CE773691C1A633B00703AFF /* PBXTargetDependency */,
			);
			name = EmitterParticleUITests;
			productName = EmitterParticleUITests;
			productReference = 5CE773671C1A633B00703AFF /* EmitterParticleUITests.xctest */;
			productType = "com.apple.product-type.bundle.ui-testing";
		};
/* End PBXNativeTarget section */

/* Begin PBXProject section */
		5CE773401C1A633B00703AFF /* Project object */ = {
			isa = PBXProject;
			attributes = {
				LastSwiftUpdateCheck = 0710;
				LastUpgradeCheck = 0710;
				ORGANIZATIONNAME = HHW;
				TargetAttributes = {
					5CE773471C1A633B00703AFF = {
						CreatedOnToolsVersion = 7.1.1;
					};
					5CE7735B1C1A633B00703AFF = {
						CreatedOnToolsVersion = 7.1.1;
						TestTargetID = 5CE773471C1A633B00703AFF;
					};
					5CE773661C1A633B00703AFF = {
						CreatedOnToolsVersion = 7.1.1;
						TestTargetID = 5CE773471C1A633B00703AFF;
					};
				};
			};
			buildConfigurationList = 5CE773431C1A633B00703AFF /* Build configuration list for PBXProject "EmitterParticle" */;
			compatibilityVersion = "Xcode 3.2";
			developmentRegion = English;
			hasScannedForEncodings = 0;
			knownRegions = (
				en,
				Base,
			);
			mainGroup = 5CE7733F1C1A633B00703AFF;
			productRefGroup = 5CE773491C1A633B00703AFF /* Products */;
			projectDirPath = "";
			projectRoot = "";
			targets = (
				5CE773471C1A633B00703AFF /* EmitterParticle */,
				5CE7735B1C1A633B00703AFF /* EmitterParticleTests */,
				5CE773661C1A633B00703AFF /* EmitterParticleUITests */,
			);
		};
/* End PBXProject section */

/* Begin PBXResourcesBuildPhase section */
		5CE773461C1A633B00703AFF /* Resources */ = {
			isa = PBXResourcesBuildPhase;
			buildActionMask = 2147483647;
			files = (
				5CE773561C1A633B00703AFF /* LaunchScreen.storyboard in Resources */,
				5CE773531C1A633B00703AFF /* Assets.xcassets in Resources */,
				5CE773511C1A633B00703AFF /* Main.storyboard in Resources */,
			);
			runOnlyForDeploymentPostprocessing = 0;
		};
		5CE7735A1C1A633B00703AFF /* Resources */ = {
			isa = PBXResourcesBuildPhase;
			buildActionMask = 2147483647;
			files = (
			);
			runOnlyForDeploymentPostprocessing = 0;
		};
		5CE773651C1A633B00703AFF /* Resources */ = {
			isa = PBXResourcesBuildPhase;
			buildActionMask = 2147483647;
			files = (
			);
			runOnlyForDeploymentPostprocessing = 0;
		};
/* End PBXResourcesBuildPhase section */

/* Begin PBXSourcesBuildPhase section */
		5CE773441C1A633B00703AFF /* Sources */ = {
			isa = PBXSourcesBuildPhase;
			buildActionMask = 2147483647;
			files = (
				5CE7734E1C1A633B00703AFF /* ViewController.swift in Sources */,
				5CE7734C1C1A633B00703AFF /* AppDelegate.swift in Sources */,
			);
			runOnlyForDeploymentPostprocessing = 0;
		};
		5CE773581C1A633B00703AFF /* Sources */ = {
			isa = PBXSourcesBuildPhase;
			buildActionMask = 2147483647;
			files = (
				5CE773611C1A633B00703AFF /* EmitterParticleTests.swift in Sources */,
			);
			runOnlyForDeploymentPostprocessing = 0;
		};
		5CE773631C1A633B00703AFF /* Sources */ = {
			isa = PBXSourcesBuildPhase;
			buildActionMask = 2147483647;
			files = (
				5CE7736C1C1A633B00703AFF /* EmitterParticleUITests.swift in Sources */,
			);
			runOnlyForDeploymentPostprocessing = 0;
		};
/* End PBXSourcesBuildPhase section */

/* Begin PBXTargetDependency section */
		5CE7735E1C1A633B00703AFF /* PBXTargetDependency */ = {
			isa = PBXTargetDependency;
			target = 5CE773471C1A633B00703AFF /* EmitterParticle */;
			targetProxy = 5CE7735D1C1A633B00703AFF /* PBXContainerItemProxy */;
		};
		5CE773691C1A633B00703AFF /* PBXTargetDependency */ = {
			isa = PBXTargetDependency;
			target = 5CE773471C1A633B00703AFF /* EmitterParticle */;
			targetProxy = 5CE773681C1A633B00703AFF /* PBXContainerItemProxy */;
		};
/* End PBXTargetDependency section */

/* Begin PBXVariantGroup section */
		5CE7734F1C1A633B00703AFF /* Main.storyboard */ = {
			isa = PBXVariantGroup;
			children = (
				5CE773501C1A633B00703AFF /* Base */,
			);
			name = Main.storyboard;
			sourceTree = "<group>";
		};
		5CE773541C1A633B00703AFF /* LaunchScreen.storyboard */ = {
			isa = PBXVariantGroup;
			children = (
				5CE773551C1A633B00703AFF /* Base */,
			);
			name = LaunchScreen.storyboard;
			sourceTree = "<group>";
		};
/* End PBXVariantGroup section */

/* Begin XCBuildConfiguration section */
		5CE7736E1C1A633B00703AFF /* Debug */ = {
			isa = XCBuildConfiguration;
			buildSettings = {
				ALWAYS_SEARCH_USER_PATHS = NO;
				CLANG_CXX_LANGUAGE_STANDARD = "gnu++0x";
				CLANG_CXX_LIBRARY = "libc++";
				CLANG_ENABLE_MODULES = YES;
				CLANG_ENABLE_OBJC_ARC = YES;
				CLANG_WARN_BOOL_CONVERSION = YES;
				CLANG_WARN_CONSTANT_CONVERSION = YES;
				CLANG_WARN_DIRECT_OBJC_ISA_USAGE = YES_ERROR;
				CLANG_WARN_EMPTY_BODY = YES;
				CLANG_WARN_ENUM_CONVERSION = YES;
				CLANG_WARN_INT_CONVERSION = YES;
				CLANG_WARN_OBJC_ROOT_CLASS = YES_ERROR;
				CLANG_WARN_UNREACHABLE_CODE = YES;
				CLANG_WARN__DUPLICATE_METHOD_MATCH = YES;
				"CODE_SIGN_IDENTITY[sdk=iphoneos*]" = "iPhone Developer";
				COPY_PHASE_STRIP = NO;
				DEBUG_INFORMATION_FORMAT = dwarf;
				ENABLE_STRICT_OBJC_MSGSEND = YES;
				ENABLE_TESTABILITY = YES;
				GCC_C_LANGUAGE_STANDARD = gnu99;
				GCC_DYNAMIC_NO_PIC = NO;
				GCC_NO_COMMON_BLOCKS = YES;
				GCC_OPTIMIZATION_LEVEL = 0;
				GCC_PREPROCESSOR_DEFINITIONS = (
					"DEBUG=1",
					"$(inherited)",
				);
				GCC_WARN_64_TO_32_BIT_CONVERSION = YES;
				GCC_WARN_ABOUT_RETURN_TYPE = YES_ERROR;
				GCC_WARN_UNDECLARED_SELECTOR = YES;
				GCC_WARN_UNINITIALIZED_AUTOS = YES_AGGRESSIVE;
				GCC_WARN_UNUSED_FUNCTION = YES;
				GCC_WARN_UNUSED_VARIABLE = YES;
				IPHONEOS_DEPLOYMENT_TARGET = 9.1;
				MTL_ENABLE_DEBUG_INFO = YES;
				ONLY_ACTIVE_ARCH = YES;
				SDKROOT = iphoneos;
				SWIFT_OPTIMIZATION_LEVEL = "-Onone";
				TARGETED_DEVICE_FAMILY = "1,2";
			};
			name = Debug;
		};
		5CE7736F1C1A633B00703AFF /* Release */ = {
			isa = XCBuildConfiguration;
			buildSettings = {
				ALWAYS_SEARCH_USER_PATHS = NO;
				CLANG_CXX_LANGUAGE_STANDARD = "gnu++0x";
				CLANG_CXX_LIBRARY = "libc++";
				CLANG_ENABLE_MODULES = YES;
				CLANG_ENABLE_OBJC_ARC = YES;
				CLANG_WARN_BOOL_CONVERSION = YES;
				CLANG_WARN_CONSTANT_CONVERSION = YES;
				CLANG_WARN_DIRECT_OBJC_ISA_USAGE = YES_ERROR;
				CLANG_WARN_EMPTY_BODY = YES;
				CLANG_WARN_ENUM_CONVERSION = YES;
				CLANG_WARN_INT_CONVERSION = YES;
				CLANG_WARN_OBJC_ROOT_CLASS = YES_ERROR;
				CLANG_WARN_UNREACHABLE_CODE = YES;
				CLANG_WARN__DUPLICATE_METHOD_MATCH = YES;
				"CODE_SIGN_IDENTITY[sdk=iphoneos*]" = "iPhone Developer";
				COPY_PHASE_STRIP = NO;
				DEBUG_INFORMATION_FORMAT = "dwarf-with-dsym";
				ENABLE_NS_ASSERTIONS = NO;
				ENABLE_STRICT_OBJC_MSGSEND = YES;
				GCC_C_LANGUAGE_STANDARD = gnu99;
				GCC_NO_COMMON_BLOCKS = YES;
				GCC_WARN_64_TO_32_BIT_CONVERSION = YES;
				GCC_WARN_ABOUT_RETURN_TYPE = YES_ERROR;
				GCC_WARN_UNDECLARED_SELECTOR = YES;
				GCC_WARN_UNINITIALIZED_AUTOS = YES_AGGRESSIVE;
				GCC_WARN_UNUSED_FUNCTION = YES;
				GCC_WARN_UNUSED_VARIABLE = YES;
				IPHONEOS_DEPLOYMENT_TARGET = 9.1;
				MTL_ENABLE_DEBUG_INFO = NO;
				SDKROOT = iphoneos;
				TARGETED_DEVICE_FAMILY = "1,2";
				VALIDATE_PRODUCT = YES;
			};
			name = Release;
		};
		5CE773711C1A633B00703AFF /* Debug */ = {
			isa = XCBuildConfiguration;
			buildSettings = {
				ASSETCATALOG_COMPILER_APPICON_NAME = AppIcon;
				INFOPLIST_FILE = EmitterParticle/Info.plist;
				LD_RUNPATH_SEARCH_PATHS = "$(inherited) @executable_path/Frameworks";
				PRODUCT_BUNDLE_IDENTIFIER = HHW.EmitterParticle;
				PRODUCT_NAME = "$(TARGET_NAME)";
			};
			name = Debug;
		};
		5CE773721C1A633B00703AFF /* Release */ = {
			isa = XCBuildConfiguration;
			buildSettings = {
				ASSETCATALOG_COMPILER_APPICON_NAME = AppIcon;
				INFOPLIST_FILE = EmitterParticle/Info.plist;
				LD_RUNPATH_SEARCH_PATHS = "$(inherited) @executable_path/Frameworks";
				PRODUCT_BUNDLE_IDENTIFIER = HHW.EmitterParticle;
				PRODUCT_NAME = "$(TARGET_NAME)";
			};
			name = Release;
		};
		5CE773741C1A633B00703AFF /* Debug */ = {
			isa = XCBuildConfiguration;
			buildSettings = {
				BUNDLE_LOADER = "$(TEST_HOST)";
				INFOPLIST_FILE = EmitterParticleTests/Info.plist;
				LD_RUNPATH_SEARCH_PATHS = "$(inherited) @executable_path/Frameworks @loader_path/Frameworks";
				PRODUCT_BUNDLE_IDENTIFIER = HHW.EmitterParticleTests;
				PRODUCT_NAME = "$(TARGET_NAME)";
				TEST_HOST = "$(BUILT_PRODUCTS_DIR)/EmitterParticle.app/EmitterParticle";
			};
			name = Debug;
		};
		5CE773751C1A633B00703AFF /* Release */ = {
			isa = XCBuildConfiguration;
			buildSettings = {
				BUNDLE_LOADER = "$(TEST_HOST)";
				INFOPLIST_FILE = EmitterParticleTests/Info.plist;
				LD_RUNPATH_SEARCH_PATHS = "$(inherited) @executable_path/Frameworks @loader_path/Frameworks";
				PRODUCT_BUNDLE_IDENTIFIER = HHW.EmitterParticleTests;
				PRODUCT_NAME = "$(TARGET_NAME)";
				TEST_HOST = "$(BUILT_PRODUCTS_DIR)/EmitterParticle.app/EmitterParticle";
			};
			name = Release;
		};
		5CE773771C1A633B00703AFF /* Debug */ = {
			isa = XCBuildConfiguration;
			buildSettings = {
				INFOPLIST_FILE = EmitterParticleUITests/Info.plist;
				LD_RUNPATH_SEARCH_PATHS = "$(inherited) @executable_path/Frameworks @loader_path/Frameworks";
				PRODUCT_BUNDLE_IDENTIFIER = HHW.EmitterParticleUITests;
				PRODUCT_NAME = "$(TARGET_NAME)";
				TEST_TARGET_NAME = EmitterParticle;
				USES_XCTRUNNER = YES;
			};
			name = Debug;
		};
		5CE773781C1A633B00703AFF /* Release */ = {
			isa = XCBuildConfiguration;
			buildSettings = {
				INFOPLIST_FILE = EmitterParticleUITests/Info.plist;
				LD_RUNPATH_SEARCH_PATHS = "$(inherited) @executable_path/Frameworks @loader_path/Frameworks";
				PRODUCT_BUNDLE_IDENTIFIER = HHW.EmitterParticleUITests;
				PRODUCT_NAME = "$(TARGET_NAME)";
				TEST_TARGET_NAME = EmitterParticle;
				USES_XCTRUNNER = YES;
			};
			name = Release;
		};
/* End XCBuildConfiguration section */

/* Begin XCConfigurationList section */
		5CE773431C1A633B00703AFF /* Build configuration list for PBXProject "EmitterParticle" */ = {
			isa = XCConfigurationList;
			buildConfigurations = (
				5CE7736E1C1A633B00703AFF /* Debug */,
				5CE7736F1C1A633B00703AFF /* Release */,
			);
			defaultConfigurationIsVisible = 0;
			defaultConfigurationName = Release;
		};
		5CE773701C1A633B00703AFF /* Build configuration list for PBXNativeTarget "EmitterParticle" */ = {
			isa = XCConfigurationList;
			buildConfigurations = (
				5CE773711C1A633B00703AFF /* Debug */,
				5CE773721C1A633B00703AFF /* Release */,
			);
			defaultConfigurationIsVisible = 0;
		};
		5CE773731C1A633B00703AFF /* Build configuration list for PBXNativeTarget "EmitterParticleTests" */ = {
			isa = XCConfigurationList;
			buildConfigurations = (
				5CE773741C1A633B00703AFF /* Debug */,
				5CE773751C1A633B00703AFF /* Release */,
			);
			defaultConfigurationIsVisible = 0;
		};
		5CE773761C1A633B00703AFF /* Build configuration list for PBXNativeTarget "EmitterParticleUITests" */ = {
			isa = XCConfigurationList;
			buildConfigurations = (
				5CE773771C1A633B00703AFF /* Debug */,
				5CE773781C1A633B00703AFF /* Release */,
			);
			defaultConfigurationIsVisible = 0;
		};
/* End XCConfigurationList section */
	};
	rootObject = 5CE773401C1A633B00703AFF /* Project object */;
}
